// !$*UTF8*$!
{
	archiveVersion = 1;
	classes = {
	};
	objectVersion = 50;
	objects = {

/* Begin PBXBuildFile section */
		041BA3E326E9DE8D00DF580D /* HorizontalScrollCards.swift in Sources */ = {isa = PBXBuildFile; fileRef = 041BA3E226E9DE8D00DF580D /* HorizontalScrollCards.swift */; };
		041BA3E726E9E9E600DF580D /* ScrollCardsDummyData.swift in Sources */ = {isa = PBXBuildFile; fileRef = 041BA3E626E9E9E600DF580D /* ScrollCardsDummyData.swift */; };
		047B851526E65D890059A153 /* DesignCodeUiCloneApp.swift in Sources */ = {isa = PBXBuildFile; fileRef = 047B851426E65D890059A153 /* DesignCodeUiCloneApp.swift */; };
		047B851726E65D890059A153 /* ContentView.swift in Sources */ = {isa = PBXBuildFile; fileRef = 047B851626E65D890059A153 /* ContentView.swift */; };
		047B851926E65D8E0059A153 /* Assets.xcassets in Resources */ = {isa = PBXBuildFile; fileRef = 047B851826E65D8E0059A153 /* Assets.xcassets */; };
		047B851C26E65D8E0059A153 /* Preview Assets.xcassets in Resources */ = {isa = PBXBuildFile; fileRef = 047B851B26E65D8E0059A153 /* Preview Assets.xcassets */; };
		047B852926E663360059A153 /* LearnNow.swift in Sources */ = {isa = PBXBuildFile; fileRef = 047B852826E663360059A153 /* LearnNow.swift */; };
		047B852B26E6633E0059A153 /* Courses.swift in Sources */ = {isa = PBXBuildFile; fileRef = 047B852A26E6633E0059A153 /* Courses.swift */; };
		047B852D26E663450059A153 /* Tutorials.swift in Sources */ = {isa = PBXBuildFile; fileRef = 047B852C26E663450059A153 /* Tutorials.swift */; };
		047B852F26E663510059A153 /* Livestreams.swift in Sources */ = {isa = PBXBuildFile; fileRef = 047B852E26E663510059A153 /* Livestreams.swift */; };
		047B853126E663590059A153 /* More.swift in Sources */ = {isa = PBXBuildFile; fileRef = 047B853026E663590059A153 /* More.swift */; };
		047B853626E665DA0059A153 /* LivestreamsCard.swift in Sources */ = {isa = PBXBuildFile; fileRef = 047B853526E665DA0059A153 /* LivestreamsCard.swift */; };
		047B853826E665E60059A153 /* TutorialsCard.swift in Sources */ = {isa = PBXBuildFile; fileRef = 047B853726E665E60059A153 /* TutorialsCard.swift */; };
		047B853A26E665F60059A153 /* CoursesCard.swift in Sources */ = {isa = PBXBuildFile; fileRef = 047B853926E665F60059A153 /* CoursesCard.swift */; };
		047B853C26E695DC0059A153 /* BlurView.swift in Sources */ = {isa = PBXBuildFile; fileRef = 047B853B26E695DC0059A153 /* BlurView.swift */; };
		047B853F26E6A1AD0059A153 /* DarkModeViewModifier.swift in Sources */ = {isa = PBXBuildFile; fileRef = 047B853E26E6A1AD0059A153 /* DarkModeViewModifier.swift */; };
		04965B9126EB52D200A38CC5 /* TutorialsDummyData.swift in Sources */ = {isa = PBXBuildFile; fileRef = 04965B9026EB52D200A38CC5 /* TutorialsDummyData.swift */; };
		04965B9326EBA70A00A38CC5 /* TriggerButton.swift in Sources */ = {isa = PBXBuildFile; fileRef = 04965B9226EBA70A00A38CC5 /* TriggerButton.swift */; };
		04B933F326E73E2700200ABC /* DetailView.swift in Sources */ = {isa = PBXBuildFile; fileRef = 04B933F226E73E2700200ABC /* DetailView.swift */; };
		04B933F526E74B0800200ABC /* LivestreamsDummyData.swift in Sources */ = {isa = PBXBuildFile; fileRef = 04B933F426E74B0800200ABC /* LivestreamsDummyData.swift */; };
		04B933F726E7608E00200ABC /* LivestreamsCardRows.swift in Sources */ = {isa = PBXBuildFile; fileRef = 04B933F626E7608E00200ABC /* LivestreamsCardRows.swift */; };
		04B933F926E760FD00200ABC /* LivestreamSectionDummyData.swift in Sources */ = {isa = PBXBuildFile; fileRef = 04B933F826E760FD00200ABC /* LivestreamSectionDummyData.swift */; };
		04B933FB26E77B4400200ABC /* CloseButton.swift in Sources */ = {isa = PBXBuildFile; fileRef = 04B933FA26E77B4400200ABC /* CloseButton.swift */; };
		04C6CFEB26E8A92D0000FA25 /* Course.swift in Sources */ = {isa = PBXBuildFile; fileRef = 04C6CFEA26E8A92D0000FA25 /* Course.swift */; };
/* End PBXBuildFile section */

/* Begin PBXFileReference section */
		041BA3E226E9DE8D00DF580D /* HorizontalScrollCards.swift */ = {isa = PBXFileReference; lastKnownFileType = sourcecode.swift; path = HorizontalScrollCards.swift; sourceTree = "<group>"; };
		041BA3E626E9E9E600DF580D /* ScrollCardsDummyData.swift */ = {isa = PBXFileReference; lastKnownFileType = sourcecode.swift; path = ScrollCardsDummyData.swift; sourceTree = "<group>"; };
		047B851126E65D890059A153 /* DesignCodeUiClone.app */ = {isa = PBXFileReference; explicitFileType = wrapper.application; includeInIndex = 0; path = DesignCodeUiClone.app; sourceTree = BUILT_PRODUCTS_DIR; };
		047B851426E65D890059A153 /* DesignCodeUiCloneApp.swift */ = {isa = PBXFileReference; lastKnownFileType = sourcecode.swift; path = DesignCodeUiCloneApp.swift; sourceTree = "<group>"; };
		047B851626E65D890059A153 /* ContentView.swift */ = {isa = PBXFileReference; lastKnownFileType = sourcecode.swift; path = ContentView.swift; sourceTree = "<group>"; };
		047B851826E65D8E0059A153 /* Assets.xcassets */ = {isa = PBXFileReference; lastKnownFileType = folder.assetcatalog; path = Assets.xcassets; sourceTree = "<group>"; };
		047B851B26E65D8E0059A153 /* Preview Assets.xcassets */ = {isa = PBXFileReference; lastKnownFileType = folder.assetcatalog; path = "Preview Assets.xcassets"; sourceTree = "<group>"; };
		047B851D26E65D8E0059A153 /* Info.plist */ = {isa = PBXFileReference; lastKnownFileType = text.plist.xml; path = Info.plist; sourceTree = "<group>"; };
		047B852826E663360059A153 /* LearnNow.swift */ = {isa = PBXFileReference; lastKnownFileType = sourcecode.swift; path = LearnNow.swift; sourceTree = "<group>"; };
		047B852A26E6633E0059A153 /* Courses.swift */ = {isa = PBXFileReference; lastKnownFileType = sourcecode.swift; path = Courses.swift; sourceTree = "<group>"; };
		047B852C26E663450059A153 /* Tutorials.swift */ = {isa = PBXFileReference; lastKnownFileType = sourcecode.swift; path = Tutorials.swift; sourceTree = "<group>"; };
		047B852E26E663510059A153 /* Livestreams.swift */ = {isa = PBXFileReference; lastKnownFileType = sourcecode.swift; path = Livestreams.swift; sourceTree = "<group>"; };
		047B853026E663590059A153 /* More.swift */ = {isa = PBXFileReference; lastKnownFileType = sourcecode.swift; path = More.swift; sourceTree = "<group>"; };
		047B853526E665DA0059A153 /* LivestreamsCard.swift */ = {isa = PBXFileReference; lastKnownFileType = sourcecode.swift; path = LivestreamsCard.swift; sourceTree = "<group>"; };
		047B853726E665E60059A153 /* TutorialsCard.swift */ = {isa = PBXFileReference; lastKnownFileType = sourcecode.swift; path = TutorialsCard.swift; sourceTree = "<group>"; };
		047B853926E665F60059A153 /* CoursesCard.swift */ = {isa = PBXFileReference; lastKnownFileType = sourcecode.swift; path = CoursesCard.swift; sourceTree = "<group>"; };
		047B853B26E695DC0059A153 /* BlurView.swift */ = {isa = PBXFileReference; lastKnownFileType = sourcecode.swift; path = BlurView.swift; sourceTree = "<group>"; };
		047B853E26E6A1AD0059A153 /* DarkModeViewModifier.swift */ = {isa = PBXFileReference; lastKnownFileType = sourcecode.swift; path = DarkModeViewModifier.swift; sourceTree = "<group>"; };
		04965B9026EB52D200A38CC5 /* TutorialsDummyData.swift */ = {isa = PBXFileReference; lastKnownFileType = sourcecode.swift; path = TutorialsDummyData.swift; sourceTree = "<group>"; };
		04965B9226EBA70A00A38CC5 /* TriggerButton.swift */ = {isa = PBXFileReference; lastKnownFileType = sourcecode.swift; path = TriggerButton.swift; sourceTree = "<group>"; };
		04B933F226E73E2700200ABC /* DetailView.swift */ = {isa = PBXFileReference; lastKnownFileType = sourcecode.swift; path = DetailView.swift; sourceTree = "<group>"; };
		04B933F426E74B0800200ABC /* LivestreamsDummyData.swift */ = {isa = PBXFileReference; lastKnownFileType = sourcecode.swift; path = LivestreamsDummyData.swift; sourceTree = "<group>"; };
		04B933F626E7608E00200ABC /* LivestreamsCardRows.swift */ = {isa = PBXFileReference; lastKnownFileType = sourcecode.swift; path = LivestreamsCardRows.swift; sourceTree = "<group>"; };
		04B933F826E760FD00200ABC /* LivestreamSectionDummyData.swift */ = {isa = PBXFileReference; lastKnownFileType = sourcecode.swift; path = LivestreamSectionDummyData.swift; sourceTree = "<group>"; };
		04B933FA26E77B4400200ABC /* CloseButton.swift */ = {isa = PBXFileReference; lastKnownFileType = sourcecode.swift; path = CloseButton.swift; sourceTree = "<group>"; };
		04C6CFEA26E8A92D0000FA25 /* Course.swift */ = {isa = PBXFileReference; lastKnownFileType = sourcecode.swift; path = Course.swift; sourceTree = "<group>"; };
/* End PBXFileReference section */

/* Begin PBXFrameworksBuildPhase section */
		047B850E26E65D890059A153 /* Frameworks */ = {
			isa = PBXFrameworksBuildPhase;
			buildActionMask = 2147483647;
			files = (
			);
			runOnlyForDeploymentPostprocessing = 0;
		};
/* End PBXFrameworksBuildPhase section */

/* Begin PBXGroup section */
		041BA3E426E9E9A200DF580D /* Livestreams */ = {
			isa = PBXGroup;
			children = (
				04B933F426E74B0800200ABC /* LivestreamsDummyData.swift */,
				04B933F826E760FD00200ABC /* LivestreamSectionDummyData.swift */,
			);
			path = Livestreams;
			sourceTree = "<group>";
		};
		041BA3E526E9E9B500DF580D /* ScrollCardsData */ = {
			isa = PBXGroup;
			children = (
				041BA3E626E9E9E600DF580D /* ScrollCardsDummyData.swift */,
			);
			path = ScrollCardsData;
			sourceTree = "<group>";
		};
		047B850826E65D880059A153 = {
			isa = PBXGroup;
			children = (
				047B851326E65D890059A153 /* DesignCodeUiClone */,
				047B851226E65D890059A153 /* Products */,
			);
			sourceTree = "<group>";
		};
		047B851226E65D890059A153 /* Products */ = {
			isa = PBXGroup;
			children = (
				047B851126E65D890059A153 /* DesignCodeUiClone.app */,
			);
			name = Products;
			sourceTree = "<group>";
		};
		047B851326E65D890059A153 /* DesignCodeUiClone */ = {
			isa = PBXGroup;
			children = (
				047B853D26E6A1940059A153 /* Modifiers */,
				047B853426E665C00059A153 /* Item */,
				047B852726E6632A0059A153 /* Model */,
				047B852626E663260059A153 /* View */,
				047B852526E6631F0059A153 /* ViewModel */,
				047B851826E65D8E0059A153 /* Assets.xcassets */,
				047B851D26E65D8E0059A153 /* Info.plist */,
				047B851A26E65D8E0059A153 /* Preview Content */,
				047B851626E65D890059A153 /* ContentView.swift */,
				047B851426E65D890059A153 /* DesignCodeUiCloneApp.swift */,
			);
			path = DesignCodeUiClone;
			sourceTree = "<group>";
		};
		047B851A26E65D8E0059A153 /* Preview Content */ = {
			isa = PBXGroup;
			children = (
				047B851B26E65D8E0059A153 /* Preview Assets.xcassets */,
			);
			path = "Preview Content";
			sourceTree = "<group>";
		};
		047B852526E6631F0059A153 /* ViewModel */ = {
			isa = PBXGroup;
			children = (
			);
			path = ViewModel;
			sourceTree = "<group>";
		};
		047B852626E663260059A153 /* View */ = {
			isa = PBXGroup;
			children = (
				047B852826E663360059A153 /* LearnNow.swift */,
				047B852A26E6633E0059A153 /* Courses.swift */,
				047B852C26E663450059A153 /* Tutorials.swift */,
				047B852E26E663510059A153 /* Livestreams.swift */,
				047B853026E663590059A153 /* More.swift */,
				04B933F226E73E2700200ABC /* DetailView.swift */,
			);
			path = View;
			sourceTree = "<group>";
		};
		047B852726E6632A0059A153 /* Model */ = {
			isa = PBXGroup;
			children = (
				04965B8F26EB524300A38CC5 /* Tutorials */,
				041BA3E526E9E9B500DF580D /* ScrollCardsData */,
				041BA3E426E9E9A200DF580D /* Livestreams */,
				04C6CFE926E8A91B0000FA25 /* Courses */,
			);
			path = Model;
			sourceTree = "<group>";
		};
		047B853426E665C00059A153 /* Item */ = {
			isa = PBXGroup;
			children = (
				047B853526E665DA0059A153 /* LivestreamsCard.swift */,
				047B853726E665E60059A153 /* TutorialsCard.swift */,
				047B853926E665F60059A153 /* CoursesCard.swift */,
				047B853B26E695DC0059A153 /* BlurView.swift */,
				04B933F626E7608E00200ABC /* LivestreamsCardRows.swift */,
				04B933FA26E77B4400200ABC /* CloseButton.swift */,
				041BA3E226E9DE8D00DF580D /* HorizontalScrollCards.swift */,
				04965B9226EBA70A00A38CC5 /* TriggerButton.swift */,
			);
			path = Item;
			sourceTree = "<group>";
		};
		047B853D26E6A1940059A153 /* Modifiers */ = {
			isa = PBXGroup;
			children = (
				047B853E26E6A1AD0059A153 /* DarkModeViewModifier.swift */,
			);
			path = Modifiers;
			sourceTree = "<group>";
		};
		04965B8F26EB524300A38CC5 /* Tutorials */ = {
			isa = PBXGroup;
			children = (
				04965B9026EB52D200A38CC5 /* TutorialsDummyData.swift */,
			);
			path = Tutorials;
			sourceTree = "<group>";
		};
		04C6CFE926E8A91B0000FA25 /* Courses */ = {
			isa = PBXGroup;
			children = (
				04C6CFEA26E8A92D0000FA25 /* Course.swift */,
			);
			path = Courses;
			sourceTree = "<group>";
		};
/* End PBXGroup section */

/* Begin PBXNativeTarget section */
		047B851026E65D890059A153 /* DesignCodeUiClone */ = {
			isa = PBXNativeTarget;
			buildConfigurationList = 047B852026E65D8E0059A153 /* Build configuration list for PBXNativeTarget "DesignCodeUiClone" */;
			buildPhases = (
				047B850D26E65D890059A153 /* Sources */,
				047B850E26E65D890059A153 /* Frameworks */,
				047B850F26E65D890059A153 /* Resources */,
			);
			buildRules = (
			);
			dependencies = (
			);
			name = DesignCodeUiClone;
			productName = DesignCodeUiClone;
			productReference = 047B851126E65D890059A153 /* DesignCodeUiClone.app */;
			productType = "com.apple.product-type.application";
		};
/* End PBXNativeTarget section */

/* Begin PBXProject section */
		047B850926E65D890059A153 /* Project object */ = {
			isa = PBXProject;
			attributes = {
				LastSwiftUpdateCheck = 1250;
				LastUpgradeCheck = 1250;
				TargetAttributes = {
					047B851026E65D890059A153 = {
						CreatedOnToolsVersion = 12.5.1;
					};
				};
			};
			buildConfigurationList = 047B850C26E65D890059A153 /* Build configuration list for PBXProject "DesignCodeUiClone" */;
			compatibilityVersion = "Xcode 9.3";
			developmentRegion = en;
			hasScannedForEncodings = 0;
			knownRegions = (
				en,
				Base,
			);
			mainGroup = 047B850826E65D880059A153;
			productRefGroup = 047B851226E65D890059A153 /* Products */;
			projectDirPath = "";
			projectRoot = "";
			targets = (
				047B851026E65D890059A153 /* DesignCodeUiClone */,
			);
		};
/* End PBXProject section */

/* Begin PBXResourcesBuildPhase section */
		047B850F26E65D890059A153 /* Resources */ = {
			isa = PBXResourcesBuildPhase;
			buildActionMask = 2147483647;
			files = (
				047B851C26E65D8E0059A153 /* Preview Assets.xcassets in Resources */,
				047B851926E65D8E0059A153 /* Assets.xcassets in Resources */,
			);
			runOnlyForDeploymentPostprocessing = 0;
		};
/* End PBXResourcesBuildPhase section */

/* Begin PBXSourcesBuildPhase section */
		047B850D26E65D890059A153 /* Sources */ = {
			isa = PBXSourcesBuildPhase;
			buildActionMask = 2147483647;
			files = (
				04C6CFEB26E8A92D0000FA25 /* Course.swift in Sources */,
				047B853A26E665F60059A153 /* CoursesCard.swift in Sources */,
				047B852B26E6633E0059A153 /* Courses.swift in Sources */,
				041BA3E726E9E9E600DF580D /* ScrollCardsDummyData.swift in Sources */,
				047B853F26E6A1AD0059A153 /* DarkModeViewModifier.swift in Sources */,
				04B933F926E760FD00200ABC /* LivestreamSectionDummyData.swift in Sources */,
				04B933F326E73E2700200ABC /* DetailView.swift in Sources */,
				047B852F26E663510059A153 /* Livestreams.swift in Sources */,
				04965B9126EB52D200A38CC5 /* TutorialsDummyData.swift in Sources */,
				04B933F526E74B0800200ABC /* LivestreamsDummyData.swift in Sources */,
				047B851726E65D890059A153 /* ContentView.swift in Sources */,
				04B933F726E7608E00200ABC /* LivestreamsCardRows.swift in Sources */,
				047B853C26E695DC0059A153 /* BlurView.swift in Sources */,
				047B852D26E663450059A153 /* Tutorials.swift in Sources */,
				04B933FB26E77B4400200ABC /* CloseButton.swift in Sources */,
				041BA3E326E9DE8D00DF580D /* HorizontalScrollCards.swift in Sources */,
				047B853826E665E60059A153 /* TutorialsCard.swift in Sources */,
				047B853626E665DA0059A153 /* LivestreamsCard.swift in Sources */,
				047B853126E663590059A153 /* More.swift in Sources */,
				047B851526E65D890059A153 /* DesignCodeUiCloneApp.swift in Sources */,
				047B852926E663360059A153 /* LearnNow.swift in Sources */,
				04965B9326EBA70A00A38CC5 /* TriggerButton.swift in Sources */,
			);
			runOnlyForDeploymentPostprocessing = 0;
		};
/* End PBXSourcesBuildPhase section */

/* Begin XCBuildConfiguration section */
		047B851E26E65D8E0059A153 /* Debug */ = {
			isa = XCBuildConfiguration;
			buildSettings = {
				ALWAYS_SEARCH_USER_PATHS = NO;
				CLANG_ANALYZER_NONNULL = YES;
				CLANG_ANALYZER_NUMBER_OBJECT_CONVERSION = YES_AGGRESSIVE;
				CLANG_CXX_LANGUAGE_STANDARD = "gnu++14";
				CLANG_CXX_LIBRARY = "libc++";
				CLANG_ENABLE_MODULES = YES;
				CLANG_ENABLE_OBJC_ARC = YES;
				CLANG_ENABLE_OBJC_WEAK = YES;
				CLANG_WARN_BLOCK_CAPTURE_AUTORELEASING = YES;
				CLANG_WARN_BOOL_CONVERSION = YES;
				CLANG_WARN_COMMA = YES;
				CLANG_WARN_CONSTANT_CONVERSION = YES;
				CLANG_WARN_DEPRECATED_OBJC_IMPLEMENTATIONS = YES;
				CLANG_WARN_DIRECT_OBJC_ISA_USAGE = YES_ERROR;
				CLANG_WARN_DOCUMENTATION_COMMENTS = YES;
				CLANG_WARN_EMPTY_BODY = YES;
				CLANG_WARN_ENUM_CONVERSION = YES;
				CLANG_WARN_INFINITE_RECURSION = YES;
				CLANG_WARN_INT_CONVERSION = YES;
				CLANG_WARN_NON_LITERAL_NULL_CONVERSION = YES;
				CLANG_WARN_OBJC_IMPLICIT_RETAIN_SELF = YES;
				CLANG_WARN_OBJC_LITERAL_CONVERSION = YES;
				CLANG_WARN_OBJC_ROOT_CLASS = YES_ERROR;
				CLANG_WARN_QUOTED_INCLUDE_IN_FRAMEWORK_HEADER = YES;
				CLANG_WARN_RANGE_LOOP_ANALYSIS = YES;
				CLANG_WARN_STRICT_PROTOTYPES = YES;
				CLANG_WARN_SUSPICIOUS_MOVE = YES;
				CLANG_WARN_UNGUARDED_AVAILABILITY = YES_AGGRESSIVE;
				CLANG_WARN_UNREACHABLE_CODE = YES;
				CLANG_WARN__DUPLICATE_METHOD_MATCH = YES;
				COPY_PHASE_STRIP = NO;
				DEBUG_INFORMATION_FORMAT = dwarf;
				ENABLE_STRICT_OBJC_MSGSEND = YES;
				ENABLE_TESTABILITY = YES;
				GCC_C_LANGUAGE_STANDARD = gnu11;
				GCC_DYNAMIC_NO_PIC = NO;
				GCC_NO_COMMON_BLOCKS = YES;
				GCC_OPTIMIZATION_LEVEL = 0;
				GCC_PREPROCESSOR_DEFINITIONS = (
					"DEBUG=1",
					"$(inherited)",
				);
				GCC_WARN_64_TO_32_BIT_CONVERSION = YES;
				GCC_WARN_ABOUT_RETURN_TYPE = YES_ERROR;
				GCC_WARN_UNDECLARED_SELECTOR = YES;
				GCC_WARN_UNINITIALIZED_AUTOS = YES_AGGRESSIVE;
				GCC_WARN_UNUSED_FUNCTION = YES;
				GCC_WARN_UNUSED_VARIABLE = YES;
				IPHONEOS_DEPLOYMENT_TARGET = 14.5;
				MTL_ENABLE_DEBUG_INFO = INCLUDE_SOURCE;
				MTL_FAST_MATH = YES;
				ONLY_ACTIVE_ARCH = YES;
				SDKROOT = iphoneos;
				SWIFT_ACTIVE_COMPILATION_CONDITIONS = DEBUG;
				SWIFT_OPTIMIZATION_LEVEL = "-Onone";
			};
			name = Debug;
		};
		047B851F26E65D8E0059A153 /* Release */ = {
			isa = XCBuildConfiguration;
			buildSettings = {
				ALWAYS_SEARCH_USER_PATHS = NO;
				CLANG_ANALYZER_NONNULL = YES;
				CLANG_ANALYZER_NUMBER_OBJECT_CONVERSION = YES_AGGRESSIVE;
				CLANG_CXX_LANGUAGE_STANDARD = "gnu++14";
				CLANG_CXX_LIBRARY = "libc++";
				CLANG_ENABLE_MODULES = YES;
				CLANG_ENABLE_OBJC_ARC = YES;
				CLANG_ENABLE_OBJC_WEAK = YES;
				CLANG_WARN_BLOCK_CAPTURE_AUTORELEASING = YES;
				CLANG_WARN_BOOL_CONVERSION = YES;
				CLANG_WARN_COMMA = YES;
				CLANG_WARN_CONSTANT_CONVERSION = YES;
				CLANG_WARN_DEPRECATED_OBJC_IMPLEMENTATIONS = YES;
				CLANG_WARN_DIRECT_OBJC_ISA_USAGE = YES_ERROR;
				CLANG_WARN_DOCUMENTATION_COMMENTS = YES;
				CLANG_WARN_EMPTY_BODY = YES;
				CLANG_WARN_ENUM_CONVERSION = YES;
				CLANG_WARN_INFINITE_RECURSION = YES;
				CLANG_WARN_INT_CONVERSION = YES;
				CLANG_WARN_NON_LITERAL_NULL_CONVERSION = YES;
				CLANG_WARN_OBJC_IMPLICIT_RETAIN_SELF = YES;
				CLANG_WARN_OBJC_LITERAL_CONVERSION = YES;
				CLANG_WARN_OBJC_ROOT_CLASS = YES_ERROR;
				CLANG_WARN_QUOTED_INCLUDE_IN_FRAMEWORK_HEADER = YES;
				CLANG_WARN_RANGE_LOOP_ANALYSIS = YES;
				CLANG_WARN_STRICT_PROTOTYPES = YES;
				CLANG_WARN_SUSPICIOUS_MOVE = YES;
				CLANG_WARN_UNGUARDED_AVAILABILITY = YES_AGGRESSIVE;
				CLANG_WARN_UNREACHABLE_CODE = YES;
				CLANG_WARN__DUPLICATE_METHOD_MATCH = YES;
				COPY_PHASE_STRIP = NO;
				DEBUG_INFORMATION_FORMAT = "dwarf-with-dsym";
				ENABLE_NS_ASSERTIONS = NO;
				ENABLE_STRICT_OBJC_MSGSEND = YES;
				GCC_C_LANGUAGE_STANDARD = gnu11;
				GCC_NO_COMMON_BLOCKS = YES;
				GCC_WARN_64_TO_32_BIT_CONVERSION = YES;
				GCC_WARN_ABOUT_RETURN_TYPE = YES_ERROR;
				GCC_WARN_UNDECLARED_SELECTOR = YES;
				GCC_WARN_UNINITIALIZED_AUTOS = YES_AGGRESSIVE;
				GCC_WARN_UNUSED_FUNCTION = YES;
				GCC_WARN_UNUSED_VARIABLE = YES;
				IPHONEOS_DEPLOYMENT_TARGET = 14.5;
				MTL_ENABLE_DEBUG_INFO = NO;
				MTL_FAST_MATH = YES;
				SDKROOT = iphoneos;
				SWIFT_COMPILATION_MODE = wholemodule;
				SWIFT_OPTIMIZATION_LEVEL = "-O";
				VALIDATE_PRODUCT = YES;
			};
			name = Release;
		};
		047B852126E65D8E0059A153 /* Debug */ = {
			isa = XCBuildConfiguration;
			buildSettings = {
				ASSETCATALOG_COMPILER_APPICON_NAME = AppIcon;
				ASSETCATALOG_COMPILER_GLOBAL_ACCENT_COLOR_NAME = AccentColor;
				CODE_SIGN_STYLE = Automatic;
				DEVELOPMENT_ASSET_PATHS = "\"DesignCodeUiClone/Preview Content\"";
				DEVELOPMENT_TEAM = YHZVJQ792Q;
				ENABLE_PREVIEWS = YES;
				INFOPLIST_FILE = DesignCodeUiClone/Info.plist;
				IPHONEOS_DEPLOYMENT_TARGET = 14.0;
				LD_RUNPATH_SEARCH_PATHS = (
					"$(inherited)",
					"@executable_path/Frameworks",
				);
				PRODUCT_BUNDLE_IDENTIFIER = com.blacenova.DesignCodeUiClone;
				PRODUCT_NAME = "$(TARGET_NAME)";
				SWIFT_VERSION = 5.0;
				TARGETED_DEVICE_FAMILY = "1,2";
			};
			name = Debug;
		};
		047B852226E65D8E0059A153 /* Release */ = {
			isa = XCBuildConfiguration;
			buildSettings = {
				ASSETCATALOG_COMPILER_APPICON_NAME = AppIcon;
				ASSETCATALOG_COMPILER_GLOBAL_ACCENT_COLOR_NAME = AccentColor;
				CODE_SIGN_STYLE = Automatic;
				DEVELOPMENT_ASSET_PATHS = "\"DesignCodeUiClone/Preview Content\"";
				DEVELOPMENT_TEAM = YHZVJQ792Q;
				ENABLE_PREVIEWS = YES;
				INFOPLIST_FILE = DesignCodeUiClone/Info.plist;
				IPHONEOS_DEPLOYMENT_TARGET = 14.0;
				LD_RUNPATH_SEARCH_PATHS = (
					"$(inherited)",
					"@executable_path/Frameworks",
				);
				PRODUCT_BUNDLE_IDENTIFIER = com.blacenova.DesignCodeUiClone;
				PRODUCT_NAME = "$(TARGET_NAME)";
				SWIFT_VERSION = 5.0;
				TARGETED_DEVICE_FAMILY = "1,2";
			};
			name = Release;
		};
/* End XCBuildConfiguration section */

/* Begin XCConfigurationList section */
		047B850C26E65D890059A153 /* Build configuration list for PBXProject "DesignCodeUiClone" */ = {
			isa = XCConfigurationList;
			buildConfigurations = (
				047B851E26E65D8E0059A153 /* Debug */,
				047B851F26E65D8E0059A153 /* Release */,
			);
			defaultConfigurationIsVisible = 0;
			defaultConfigurationName = Release;
		};
		047B852026E65D8E0059A153 /* Build configuration list for PBXNativeTarget "DesignCodeUiClone" */ = {
			isa = XCConfigurationList;
			buildConfigurations = (
				047B852126E65D8E0059A153 /* Debug */,
				047B852226E65D8E0059A153 /* Release */,
			);
			defaultConfigurationIsVisible = 0;
			defaultConfigurationName = Release;
		};
/* End XCConfigurationList section */
	};
	rootObject = 047B850926E65D890059A153 /* Project object */;
}
